
Microsoft Visual Studio Solution File, Format Version 12.00
# Visual Studio Version 17
VisualStudioVersion = 17.7.33913.275
MinimumVisualStudioVersion = 10.0.40219.1
Project("{2150E333-8FDC-42A3-9474-1A3956D46DE8}") = "Libs", "Libs", "{092134E3-1D30-4DA3-A3BD-A26E534FA2F8}"
EndProject
Project("{9A19103F-16F7-4668-BE54-9A1E7A4F7556}") = "Libs.Kernel", "Libs\Libs.Kernel\Libs.Kernel.csproj", "{DE30BB16-3B2F-4537-8AA7-098D0E9A2F0A}"
EndProject
Project("{9A19103F-16F7-4668-BE54-9A1E7A4F7556}") = "Libs.Locator", "Libs\Libs.Locator\Libs.Locator.csproj", "{D8AA7CA3-67A5-4224-AE52-C9916CE675B5}"
EndProject
Project("{2150E333-8FDC-42A3-9474-1A3956D46DE8}") = "Models", "Models", "{2F1B3E10-0DE7-4D17-BA87-77DD931D553F}"
EndProject
Project("{9A19103F-16F7-4668-BE54-9A1E7A4F7556}") = "Models.Constants", "Models\Models.Constants\Models.Constants.csproj", "{F2339215-9715-4FE9-83F6-4FA3DDDD518C}"
EndProject
Project("{9A19103F-16F7-4668-BE54-9A1E7A4F7556}") = "Models.App", "Models\Models.App\Models.App.csproj", "{0D39F283-8D6B-4FAA-B614-CB8A95BBFAE7}"
EndProject
Project("{9A19103F-16F7-4668-BE54-9A1E7A4F7556}") = "Terminal", "Terminal\Terminal.csproj", "{EC27D622-B9F3-45F3-AB76-30F865835998}"
EndProject
Project("{9A19103F-16F7-4668-BE54-9A1E7A4F7556}") = "App", "App\App.csproj", "{0467DCAD-E54D-4495-8211-3E069EEE954C}"
EndProject
Project("{9A19103F-16F7-4668-BE54-9A1E7A4F7556}") = "Libs.ResourceGenerator", "Libs\Libs.ResourceGenerator\Libs.ResourceGenerator.csproj", "{115CCBBA-2425-4AAB-8945-71BA680F66A5}"
EndProject
Project("{9A19103F-16F7-4668-BE54-9A1E7A4F7556}") = "Libs.Service", "Libs\Libs.Service\Libs.Service.csproj", "{A6BE73E3-4820-4BD9-AAF7-3332F9DBCF06}"
EndProject
Project("{9A19103F-16F7-4668-BE54-9A1E7A4F7556}") = "Models.Context", "Models\Models.Context\Models.Context.csproj", "{900A4966-6E6A-4C53-96C6-B17E04C2E0C5}"
EndProject
Project("{9A19103F-16F7-4668-BE54-9A1E7A4F7556}") = "Libs.Everything", "Libs\Libs.Everything\Libs.Everything.csproj", "{118D0EAE-BC79-4CBA-96E3-9BBD81555939}"
EndProject
Project("{9A19103F-16F7-4668-BE54-9A1E7A4F7556}") = "AppServices", "AppServices\AppServices.csproj", "{79586933-3469-4C8C-93BF-BB4467526779}"
EndProject
Global
	GlobalSection(SolutionConfigurationPlatforms) = preSolution
		Debug|Any CPU = Debug|Any CPU
		Debug|ARM64 = Debug|ARM64
		Debug|x64 = Debug|x64
		Debug|x86 = Debug|x86
		Release|Any CPU = Release|Any CPU
		Release|ARM64 = Release|ARM64
		Release|x64 = Release|x64
		Release|x86 = Release|x86
	EndGlobalSection
	GlobalSection(ProjectConfigurationPlatforms) = postSolution
		{DE30BB16-3B2F-4537-8AA7-098D0E9A2F0A}.Debug|Any CPU.ActiveCfg = Debug|Any CPU
		{DE30BB16-3B2F-4537-8AA7-098D0E9A2F0A}.Debug|Any CPU.Build.0 = Debug|Any CPU
		{DE30BB16-3B2F-4537-8AA7-098D0E9A2F0A}.Debug|ARM64.ActiveCfg = Debug|Any CPU
		{DE30BB16-3B2F-4537-8AA7-098D0E9A2F0A}.Debug|ARM64.Build.0 = Debug|Any CPU
		{DE30BB16-3B2F-4537-8AA7-098D0E9A2F0A}.Debug|x64.ActiveCfg = Debug|Any CPU
		{DE30BB16-3B2F-4537-8AA7-098D0E9A2F0A}.Debug|x64.Build.0 = Debug|Any CPU
		{DE30BB16-3B2F-4537-8AA7-098D0E9A2F0A}.Debug|x86.ActiveCfg = Debug|Any CPU
		{DE30BB16-3B2F-4537-8AA7-098D0E9A2F0A}.Debug|x86.Build.0 = Debug|Any CPU
		{DE30BB16-3B2F-4537-8AA7-098D0E9A2F0A}.Release|Any CPU.ActiveCfg = Release|Any CPU
		{DE30BB16-3B2F-4537-8AA7-098D0E9A2F0A}.Release|Any CPU.Build.0 = Release|Any CPU
		{DE30BB16-3B2F-4537-8AA7-098D0E9A2F0A}.Release|ARM64.ActiveCfg = Release|Any CPU
		{DE30BB16-3B2F-4537-8AA7-098D0E9A2F0A}.Release|ARM64.Build.0 = Release|Any CPU
		{DE30BB16-3B2F-4537-8AA7-098D0E9A2F0A}.Release|x64.ActiveCfg = Release|Any CPU
		{DE30BB16-3B2F-4537-8AA7-098D0E9A2F0A}.Release|x64.Build.0 = Release|Any CPU
		{DE30BB16-3B2F-4537-8AA7-098D0E9A2F0A}.Release|x86.ActiveCfg = Release|Any CPU
		{DE30BB16-3B2F-4537-8AA7-098D0E9A2F0A}.Release|x86.Build.0 = Release|Any CPU
		{D8AA7CA3-67A5-4224-AE52-C9916CE675B5}.Debug|Any CPU.ActiveCfg = Debug|Any CPU
		{D8AA7CA3-67A5-4224-AE52-C9916CE675B5}.Debug|Any CPU.Build.0 = Debug|Any CPU
		{D8AA7CA3-67A5-4224-AE52-C9916CE675B5}.Debug|ARM64.ActiveCfg = Debug|Any CPU
		{D8AA7CA3-67A5-4224-AE52-C9916CE675B5}.Debug|ARM64.Build.0 = Debug|Any CPU
		{D8AA7CA3-67A5-4224-AE52-C9916CE675B5}.Debug|x64.ActiveCfg = Debug|Any CPU
		{D8AA7CA3-67A5-4224-AE52-C9916CE675B5}.Debug|x64.Build.0 = Debug|Any CPU
		{D8AA7CA3-67A5-4224-AE52-C9916CE675B5}.Debug|x86.ActiveCfg = Debug|Any CPU
		{D8AA7CA3-67A5-4224-AE52-C9916CE675B5}.Debug|x86.Build.0 = Debug|Any CPU
		{D8AA7CA3-67A5-4224-AE52-C9916CE675B5}.Release|Any CPU.ActiveCfg = Release|Any CPU
		{D8AA7CA3-67A5-4224-AE52-C9916CE675B5}.Release|Any CPU.Build.0 = Release|Any CPU
		{D8AA7CA3-67A5-4224-AE52-C9916CE675B5}.Release|ARM64.ActiveCfg = Release|Any CPU
		{D8AA7CA3-67A5-4224-AE52-C9916CE675B5}.Release|ARM64.Build.0 = Release|Any CPU
		{D8AA7CA3-67A5-4224-AE52-C9916CE675B5}.Release|x64.ActiveCfg = Release|Any CPU
		{D8AA7CA3-67A5-4224-AE52-C9916CE675B5}.Release|x64.Build.0 = Release|Any CPU
		{D8AA7CA3-67A5-4224-AE52-C9916CE675B5}.Release|x86.ActiveCfg = Release|Any CPU
		{D8AA7CA3-67A5-4224-AE52-C9916CE675B5}.Release|x86.Build.0 = Release|Any CPU
		{F2339215-9715-4FE9-83F6-4FA3DDDD518C}.Debug|Any CPU.ActiveCfg = Debug|Any CPU
		{F2339215-9715-4FE9-83F6-4FA3DDDD518C}.Debug|Any CPU.Build.0 = Debug|Any CPU
		{F2339215-9715-4FE9-83F6-4FA3DDDD518C}.Debug|ARM64.ActiveCfg = Debug|Any CPU
		{F2339215-9715-4FE9-83F6-4FA3DDDD518C}.Debug|ARM64.Build.0 = Debug|Any CPU
		{F2339215-9715-4FE9-83F6-4FA3DDDD518C}.Debug|x64.ActiveCfg = Debug|Any CPU
		{F2339215-9715-4FE9-83F6-4FA3DDDD518C}.Debug|x64.Build.0 = Debug|Any CPU
		{F2339215-9715-4FE9-83F6-4FA3DDDD518C}.Debug|x86.ActiveCfg = Debug|Any CPU
		{F2339215-9715-4FE9-83F6-4FA3DDDD518C}.Debug|x86.Build.0 = Debug|Any CPU
		{F2339215-9715-4FE9-83F6-4FA3DDDD518C}.Release|Any CPU.ActiveCfg = Release|Any CPU
		{F2339215-9715-4FE9-83F6-4FA3DDDD518C}.Release|Any CPU.Build.0 = Release|Any CPU
		{F2339215-9715-4FE9-83F6-4FA3DDDD518C}.Release|ARM64.ActiveCfg = Release|Any CPU
		{F2339215-9715-4FE9-83F6-4FA3DDDD518C}.Release|ARM64.Build.0 = Release|Any CPU
		{F2339215-9715-4FE9-83F6-4FA3DDDD518C}.Release|x64.ActiveCfg = Release|Any CPU
		{F2339215-9715-4FE9-83F6-4FA3DDDD518C}.Release|x64.Build.0 = Release|Any CPU
		{F2339215-9715-4FE9-83F6-4FA3DDDD518C}.Release|x86.ActiveCfg = Release|Any CPU
		{F2339215-9715-4FE9-83F6-4FA3DDDD518C}.Release|x86.Build.0 = Release|Any CPU
		{0D39F283-8D6B-4FAA-B614-CB8A95BBFAE7}.Debug|Any CPU.ActiveCfg = Debug|Any CPU
		{0D39F283-8D6B-4FAA-B614-CB8A95BBFAE7}.Debug|Any CPU.Build.0 = Debug|Any CPU
		{0D39F283-8D6B-4FAA-B614-CB8A95BBFAE7}.Debug|ARM64.ActiveCfg = Debug|Any CPU
		{0D39F283-8D6B-4FAA-B614-CB8A95BBFAE7}.Debug|ARM64.Build.0 = Debug|Any CPU
		{0D39F283-8D6B-4FAA-B614-CB8A95BBFAE7}.Debug|x64.ActiveCfg = Debug|Any CPU
		{0D39F283-8D6B-4FAA-B614-CB8A95BBFAE7}.Debug|x64.Build.0 = Debug|Any CPU
		{0D39F283-8D6B-4FAA-B614-CB8A95BBFAE7}.Debug|x86.ActiveCfg = Debug|Any CPU
		{0D39F283-8D6B-4FAA-B614-CB8A95BBFAE7}.Debug|x86.Build.0 = Debug|Any CPU
		{0D39F283-8D6B-4FAA-B614-CB8A95BBFAE7}.Release|Any CPU.ActiveCfg = Release|Any CPU
		{0D39F283-8D6B-4FAA-B614-CB8A95BBFAE7}.Release|Any CPU.Build.0 = Release|Any CPU
		{0D39F283-8D6B-4FAA-B614-CB8A95BBFAE7}.Release|ARM64.ActiveCfg = Release|Any CPU
		{0D39F283-8D6B-4FAA-B614-CB8A95BBFAE7}.Release|ARM64.Build.0 = Release|Any CPU
		{0D39F283-8D6B-4FAA-B614-CB8A95BBFAE7}.Release|x64.ActiveCfg = Release|Any CPU
		{0D39F283-8D6B-4FAA-B614-CB8A95BBFAE7}.Release|x64.Build.0 = Release|Any CPU
		{0D39F283-8D6B-4FAA-B614-CB8A95BBFAE7}.Release|x86.ActiveCfg = Release|Any CPU
		{0D39F283-8D6B-4FAA-B614-CB8A95BBFAE7}.Release|x86.Build.0 = Release|Any CPU
		{EC27D622-B9F3-45F3-AB76-30F865835998}.Debug|Any CPU.ActiveCfg = Debug|Any CPU
		{EC27D622-B9F3-45F3-AB76-30F865835998}.Debug|Any CPU.Build.0 = Debug|Any CPU
		{EC27D622-B9F3-45F3-AB76-30F865835998}.Debug|ARM64.ActiveCfg = Debug|Any CPU
		{EC27D622-B9F3-45F3-AB76-30F865835998}.Debug|ARM64.Build.0 = Debug|Any CPU
		{EC27D622-B9F3-45F3-AB76-30F865835998}.Debug|x64.ActiveCfg = Debug|Any CPU
		{EC27D622-B9F3-45F3-AB76-30F865835998}.Debug|x64.Build.0 = Debug|Any CPU
		{EC27D622-B9F3-45F3-AB76-30F865835998}.Debug|x86.ActiveCfg = Debug|Any CPU
		{EC27D622-B9F3-45F3-AB76-30F865835998}.Debug|x86.Build.0 = Debug|Any CPU
		{EC27D622-B9F3-45F3-AB76-30F865835998}.Release|Any CPU.ActiveCfg = Release|Any CPU
		{EC27D622-B9F3-45F3-AB76-30F865835998}.Release|Any CPU.Build.0 = Release|Any CPU
		{EC27D622-B9F3-45F3-AB76-30F865835998}.Release|ARM64.ActiveCfg = Release|Any CPU
		{EC27D622-B9F3-45F3-AB76-30F865835998}.Release|ARM64.Build.0 = Release|Any CPU
		{EC27D622-B9F3-45F3-AB76-30F865835998}.Release|x64.ActiveCfg = Release|Any CPU
		{EC27D622-B9F3-45F3-AB76-30F865835998}.Release|x64.Build.0 = Release|Any CPU
		{EC27D622-B9F3-45F3-AB76-30F865835998}.Release|x86.ActiveCfg = Release|Any CPU
		{EC27D622-B9F3-45F3-AB76-30F865835998}.Release|x86.Build.0 = Release|Any CPU
		{0467DCAD-E54D-4495-8211-3E069EEE954C}.Debug|Any CPU.ActiveCfg = Debug|x64
		{0467DCAD-E54D-4495-8211-3E069EEE954C}.Debug|Any CPU.Build.0 = Debug|x64
		{0467DCAD-E54D-4495-8211-3E069EEE954C}.Debug|Any CPU.Deploy.0 = Debug|x64
		{0467DCAD-E54D-4495-8211-3E069EEE954C}.Debug|ARM64.ActiveCfg = Debug|ARM64
		{0467DCAD-E54D-4495-8211-3E069EEE954C}.Debug|ARM64.Build.0 = Debug|ARM64
		{0467DCAD-E54D-4495-8211-3E069EEE954C}.Debug|ARM64.Deploy.0 = Debug|ARM64
		{0467DCAD-E54D-4495-8211-3E069EEE954C}.Debug|x64.ActiveCfg = Debug|x64
		{0467DCAD-E54D-4495-8211-3E069EEE954C}.Debug|x64.Build.0 = Debug|x64
		{0467DCAD-E54D-4495-8211-3E069EEE954C}.Debug|x64.Deploy.0 = Debug|x64
		{0467DCAD-E54D-4495-8211-3E069EEE954C}.Debug|x86.ActiveCfg = Debug|x86
		{0467DCAD-E54D-4495-8211-3E069EEE954C}.Debug|x86.Build.0 = Debug|x86
		{0467DCAD-E54D-4495-8211-3E069EEE954C}.Debug|x86.Deploy.0 = Debug|x86
		{0467DCAD-E54D-4495-8211-3E069EEE954C}.Release|Any CPU.ActiveCfg = Release|x64
		{0467DCAD-E54D-4495-8211-3E069EEE954C}.Release|Any CPU.Build.0 = Release|x64
		{0467DCAD-E54D-4495-8211-3E069EEE954C}.Release|Any CPU.Deploy.0 = Release|x64
		{0467DCAD-E54D-4495-8211-3E069EEE954C}.Release|ARM64.ActiveCfg = Release|ARM64
		{0467DCAD-E54D-4495-8211-3E069EEE954C}.Release|ARM64.Build.0 = Release|ARM64
		{0467DCAD-E54D-4495-8211-3E069EEE954C}.Release|ARM64.Deploy.0 = Release|ARM64
		{0467DCAD-E54D-4495-8211-3E069EEE954C}.Release|x64.ActiveCfg = Release|x64
		{0467DCAD-E54D-4495-8211-3E069EEE954C}.Release|x64.Build.0 = Release|x64
		{0467DCAD-E54D-4495-8211-3E069EEE954C}.Release|x64.Deploy.0 = Release|x64
		{0467DCAD-E54D-4495-8211-3E069EEE954C}.Release|x86.ActiveCfg = Release|x86
		{0467DCAD-E54D-4495-8211-3E069EEE954C}.Release|x86.Build.0 = Release|x86
		{0467DCAD-E54D-4495-8211-3E069EEE954C}.Release|x86.Deploy.0 = Release|x86
		{115CCBBA-2425-4AAB-8945-71BA680F66A5}.Debug|Any CPU.ActiveCfg = Debug|Any CPU
		{115CCBBA-2425-4AAB-8945-71BA680F66A5}.Debug|Any CPU.Build.0 = Debug|Any CPU
		{115CCBBA-2425-4AAB-8945-71BA680F66A5}.Debug|ARM64.ActiveCfg = Debug|Any CPU
		{115CCBBA-2425-4AAB-8945-71BA680F66A5}.Debug|ARM64.Build.0 = Debug|Any CPU
		{115CCBBA-2425-4AAB-8945-71BA680F66A5}.Debug|x64.ActiveCfg = Debug|Any CPU
		{115CCBBA-2425-4AAB-8945-71BA680F66A5}.Debug|x64.Build.0 = Debug|Any CPU
		{115CCBBA-2425-4AAB-8945-71BA680F66A5}.Debug|x86.ActiveCfg = Debug|Any CPU
		{115CCBBA-2425-4AAB-8945-71BA680F66A5}.Debug|x86.Build.0 = Debug|Any CPU
		{115CCBBA-2425-4AAB-8945-71BA680F66A5}.Release|Any CPU.ActiveCfg = Release|Any CPU
		{115CCBBA-2425-4AAB-8945-71BA680F66A5}.Release|Any CPU.Build.0 = Release|Any CPU
		{115CCBBA-2425-4AAB-8945-71BA680F66A5}.Release|ARM64.ActiveCfg = Release|Any CPU
		{115CCBBA-2425-4AAB-8945-71BA680F66A5}.Release|ARM64.Build.0 = Release|Any CPU
		{115CCBBA-2425-4AAB-8945-71BA680F66A5}.Release|x64.ActiveCfg = Release|Any CPU
		{115CCBBA-2425-4AAB-8945-71BA680F66A5}.Release|x64.Build.0 = Release|Any CPU
		{115CCBBA-2425-4AAB-8945-71BA680F66A5}.Release|x86.ActiveCfg = Release|Any CPU
		{115CCBBA-2425-4AAB-8945-71BA680F66A5}.Release|x86.Build.0 = Release|Any CPU
		{A6BE73E3-4820-4BD9-AAF7-3332F9DBCF06}.Debug|Any CPU.ActiveCfg = Debug|Any CPU
		{A6BE73E3-4820-4BD9-AAF7-3332F9DBCF06}.Debug|Any CPU.Build.0 = Debug|Any CPU
		{A6BE73E3-4820-4BD9-AAF7-3332F9DBCF06}.Debug|ARM64.ActiveCfg = Debug|Any CPU
		{A6BE73E3-4820-4BD9-AAF7-3332F9DBCF06}.Debug|ARM64.Build.0 = Debug|Any CPU
		{A6BE73E3-4820-4BD9-AAF7-3332F9DBCF06}.Debug|x64.ActiveCfg = Debug|Any CPU
		{A6BE73E3-4820-4BD9-AAF7-3332F9DBCF06}.Debug|x64.Build.0 = Debug|Any CPU
		{A6BE73E3-4820-4BD9-AAF7-3332F9DBCF06}.Debug|x86.ActiveCfg = Debug|Any CPU
		{A6BE73E3-4820-4BD9-AAF7-3332F9DBCF06}.Debug|x86.Build.0 = Debug|Any CPU
		{A6BE73E3-4820-4BD9-AAF7-3332F9DBCF06}.Release|Any CPU.ActiveCfg = Release|Any CPU
		{A6BE73E3-4820-4BD9-AAF7-3332F9DBCF06}.Release|Any CPU.Build.0 = Release|Any CPU
		{A6BE73E3-4820-4BD9-AAF7-3332F9DBCF06}.Release|ARM64.ActiveCfg = Release|Any CPU
		{A6BE73E3-4820-4BD9-AAF7-3332F9DBCF06}.Release|ARM64.Build.0 = Release|Any CPU
		{A6BE73E3-4820-4BD9-AAF7-3332F9DBCF06}.Release|x64.ActiveCfg = Release|Any CPU
		{A6BE73E3-4820-4BD9-AAF7-3332F9DBCF06}.Release|x64.Build.0 = Release|Any CPU
		{A6BE73E3-4820-4BD9-AAF7-3332F9DBCF06}.Release|x86.ActiveCfg = Release|Any CPU
		{A6BE73E3-4820-4BD9-AAF7-3332F9DBCF06}.Release|x86.Build.0 = Release|Any CPU
		{900A4966-6E6A-4C53-96C6-B17E04C2E0C5}.Debug|Any CPU.ActiveCfg = Debug|Any CPU
		{900A4966-6E6A-4C53-96C6-B17E04C2E0C5}.Debug|Any CPU.Build.0 = Debug|Any CPU
		{900A4966-6E6A-4C53-96C6-B17E04C2E0C5}.Debug|ARM64.ActiveCfg = Debug|Any CPU
		{900A4966-6E6A-4C53-96C6-B17E04C2E0C5}.Debug|ARM64.Build.0 = Debug|Any CPU
		{900A4966-6E6A-4C53-96C6-B17E04C2E0C5}.Debug|x64.ActiveCfg = Debug|Any CPU
		{900A4966-6E6A-4C53-96C6-B17E04C2E0C5}.Debug|x64.Build.0 = Debug|Any CPU
		{900A4966-6E6A-4C53-96C6-B17E04C2E0C5}.Debug|x86.ActiveCfg = Debug|Any CPU
		{900A4966-6E6A-4C53-96C6-B17E04C2E0C5}.Debug|x86.Build.0 = Debug|Any CPU
		{900A4966-6E6A-4C53-96C6-B17E04C2E0C5}.Release|Any CPU.ActiveCfg = Release|Any CPU
		{900A4966-6E6A-4C53-96C6-B17E04C2E0C5}.Release|Any CPU.Build.0 = Release|Any CPU
		{900A4966-6E6A-4C53-96C6-B17E04C2E0C5}.Release|ARM64.ActiveCfg = Release|Any CPU
		{900A4966-6E6A-4C53-96C6-B17E04C2E0C5}.Release|ARM64.Build.0 = Release|Any CPU
		{900A4966-6E6A-4C53-96C6-B17E04C2E0C5}.Release|x64.ActiveCfg = Release|Any CPU
		{900A4966-6E6A-4C53-96C6-B17E04C2E0C5}.Release|x64.Build.0 = Release|Any CPU
		{900A4966-6E6A-4C53-96C6-B17E04C2E0C5}.Release|x86.ActiveCfg = Release|Any CPU
		{900A4966-6E6A-4C53-96C6-B17E04C2E0C5}.Release|x86.Build.0 = Release|Any CPU
		{118D0EAE-BC79-4CBA-96E3-9BBD81555939}.Debug|Any CPU.ActiveCfg = Debug|Any CPU
		{118D0EAE-BC79-4CBA-96E3-9BBD81555939}.Debug|Any CPU.Build.0 = Debug|Any CPU
		{118D0EAE-BC79-4CBA-96E3-9BBD81555939}.Debug|ARM64.ActiveCfg = Debug|Any CPU
		{118D0EAE-BC79-4CBA-96E3-9BBD81555939}.Debug|ARM64.Build.0 = Debug|Any CPU
		{118D0EAE-BC79-4CBA-96E3-9BBD81555939}.Debug|x64.ActiveCfg = Debug|Any CPU
		{118D0EAE-BC79-4CBA-96E3-9BBD81555939}.Debug|x64.Build.0 = Debug|Any CPU
		{118D0EAE-BC79-4CBA-96E3-9BBD81555939}.Debug|x86.ActiveCfg = Debug|Any CPU
		{118D0EAE-BC79-4CBA-96E3-9BBD81555939}.Debug|x86.Build.0 = Debug|Any CPU
		{118D0EAE-BC79-4CBA-96E3-9BBD81555939}.Release|Any CPU.ActiveCfg = Release|Any CPU
		{118D0EAE-BC79-4CBA-96E3-9BBD81555939}.Release|Any CPU.Build.0 = Release|Any CPU
		{118D0EAE-BC79-4CBA-96E3-9BBD81555939}.Release|ARM64.ActiveCfg = Release|Any CPU
		{118D0EAE-BC79-4CBA-96E3-9BBD81555939}.Release|ARM64.Build.0 = Release|Any CPU
		{118D0EAE-BC79-4CBA-96E3-9BBD81555939}.Release|x64.ActiveCfg = Release|Any CPU
		{118D0EAE-BC79-4CBA-96E3-9BBD81555939}.Release|x64.Build.0 = Release|Any CPU
		{118D0EAE-BC79-4CBA-96E3-9BBD81555939}.Release|x86.ActiveCfg = Release|Any CPU
		{118D0EAE-BC79-4CBA-96E3-9BBD81555939}.Release|x86.Build.0 = Release|Any CPU
		{79586933-3469-4C8C-93BF-BB4467526779}.Debug|Any CPU.ActiveCfg = Debug|Any CPU
		{79586933-3469-4C8C-93BF-BB4467526779}.Debug|Any CPU.Build.0 = Debug|Any CPU
		{79586933-3469-4C8C-93BF-BB4467526779}.Debug|ARM64.ActiveCfg = Debug|Any CPU
		{79586933-3469-4C8C-93BF-BB4467526779}.Debug|ARM64.Build.0 = Debug|Any CPU
		{79586933-3469-4C8C-93BF-BB4467526779}.Debug|x64.ActiveCfg = Debug|x64
		{79586933-3469-4C8C-93BF-BB4467526779}.Debug|x64.Build.0 = Debug|x64
		{79586933-3469-4C8C-93BF-BB4467526779}.Debug|x86.ActiveCfg = Debug|Any CPU
		{79586933-3469-4C8C-93BF-BB4467526779}.Debug|x86.Build.0 = Debug|Any CPU
		{79586933-3469-4C8C-93BF-BB4467526779}.Release|Any CPU.ActiveCfg = Release|Any CPU
		{79586933-3469-4C8C-93BF-BB4467526779}.Release|Any CPU.Build.0 = Release|Any CPU
		{79586933-3469-4C8C-93BF-BB4467526779}.Release|ARM64.ActiveCfg = Release|Any CPU
		{79586933-3469-4C8C-93BF-BB4467526779}.Release|ARM64.Build.0 = Release|Any CPU
		{79586933-3469-4C8C-93BF-BB4467526779}.Release|x64.ActiveCfg = Release|Any CPU
		{79586933-3469-4C8C-93BF-BB4467526779}.Release|x64.Build.0 = Release|Any CPU
		{79586933-3469-4C8C-93BF-BB4467526779}.Release|x86.ActiveCfg = Release|Any CPU
		{79586933-3469-4C8C-93BF-BB4467526779}.Release|x86.Build.0 = Release|Any CPU
	EndGlobalSection
	GlobalSection(SolutionProperties) = preSolution
		HideSolutionNode = FALSE
	EndGlobalSection
	GlobalSection(NestedProjects) = preSolution
		{DE30BB16-3B2F-4537-8AA7-098D0E9A2F0A} = {092134E3-1D30-4DA3-A3BD-A26E534FA2F8}
		{D8AA7CA3-67A5-4224-AE52-C9916CE675B5} = {092134E3-1D30-4DA3-A3BD-A26E534FA2F8}
		{F2339215-9715-4FE9-83F6-4FA3DDDD518C} = {2F1B3E10-0DE7-4D17-BA87-77DD931D553F}
		{0D39F283-8D6B-4FAA-B614-CB8A95BBFAE7} = {2F1B3E10-0DE7-4D17-BA87-77DD931D553F}
		{115CCBBA-2425-4AAB-8945-71BA680F66A5} = {092134E3-1D30-4DA3-A3BD-A26E534FA2F8}
		{A6BE73E3-4820-4BD9-AAF7-3332F9DBCF06} = {092134E3-1D30-4DA3-A3BD-A26E534FA2F8}
		{900A4966-6E6A-4C53-96C6-B17E04C2E0C5} = {2F1B3E10-0DE7-4D17-BA87-77DD931D553F}
		{118D0EAE-BC79-4CBA-96E3-9BBD81555939} = {092134E3-1D30-4DA3-A3BD-A26E534FA2F8}
	EndGlobalSection
	GlobalSection(ExtensibilityGlobals) = postSolution
		SolutionGuid = {B03E5109-B5A1-4AA8-8CC0-5BAB7D6E8F83}
	EndGlobalSection
EndGlobal
